
Microsoft Visual Studio Solution File, Format Version 12.00
# Visual Studio Version 17
VisualStudioVersion = 17.0.32112.339
MinimumVisualStudioVersion = 10.0.40219.1
Project("{9A19103F-16F7-4668-BE54-9A1E7A4F7556}") = "PseRestApi.Host", "src\PseRestApi.Host\PseRestApi.Host.csproj", "{D2820E2A-7188-4FF6-A7F3-F4379DA8DD35}"
EndProject
Project("{9A19103F-16F7-4668-BE54-9A1E7A4F7556}") = "PseRestApi.Core", "src\PseRestApi.Core\PseRestApi.Core.csproj", "{76BFEB47-BD01-4CF4-AF72-B2F2B14552B9}"
EndProject
Project("{FAE04EC0-301F-11D3-BF4B-00C04F79EFBC}") = "PseRestApi.Domain", "src\PseRestApi.Domain\PseRestApi.Domain.csproj", "{274EE895-05F3-4E59-9381-AD83F36674B0}"
EndProject
Project("{FAE04EC0-301F-11D3-BF4B-00C04F79EFBC}") = "PseRestApi.Infrastructure", "src\PseRestApi.Infrastructure\PseRestApi.Infrastructure.csproj", "{0F8BDB7D-0BB2-49A3-BB6A-82199683E4AE}"
EndProject
Global
	GlobalSection(SolutionConfigurationPlatforms) = preSolution
		Debug|Any CPU = Debug|Any CPU
		Release|Any CPU = Release|Any CPU
	EndGlobalSection
	GlobalSection(ProjectConfigurationPlatforms) = postSolution
		{D2820E2A-7188-4FF6-A7F3-F4379DA8DD35}.Debug|Any CPU.ActiveCfg = Debug|Any CPU
		{D2820E2A-7188-4FF6-A7F3-F4379DA8DD35}.Debug|Any CPU.Build.0 = Debug|Any CPU
		{D2820E2A-7188-4FF6-A7F3-F4379DA8DD35}.Release|Any CPU.ActiveCfg = Release|Any CPU
		{D2820E2A-7188-4FF6-A7F3-F4379DA8DD35}.Release|Any CPU.Build.0 = Release|Any CPU
		{76BFEB47-BD01-4CF4-AF72-B2F2B14552B9}.Debug|Any CPU.ActiveCfg = Debug|Any CPU
		{76BFEB47-BD01-4CF4-AF72-B2F2B14552B9}.Debug|Any CPU.Build.0 = Debug|Any CPU
		{76BFEB47-BD01-4CF4-AF72-B2F2B14552B9}.Release|Any CPU.ActiveCfg = Release|Any CPU
		{76BFEB47-BD01-4CF4-AF72-B2F2B14552B9}.Release|Any CPU.Build.0 = Release|Any CPU
		{274EE895-05F3-4E59-9381-AD83F36674B0}.Debug|Any CPU.ActiveCfg = Debug|Any CPU
		{274EE895-05F3-4E59-9381-AD83F36674B0}.Debug|Any CPU.Build.0 = Debug|Any CPU
		{274EE895-05F3-4E59-9381-AD83F36674B0}.Release|Any CPU.ActiveCfg = Release|Any CPU
		{274EE895-05F3-4E59-9381-AD83F36674B0}.Release|Any CPU.Build.0 = Release|Any CPU
		{0F8BDB7D-0BB2-49A3-BB6A-82199683E4AE}.Debug|Any CPU.ActiveCfg = Debug|Any CPU
		{0F8BDB7D-0BB2-49A3-BB6A-82199683E4AE}.Debug|Any CPU.Build.0 = Debug|Any CPU
		{0F8BDB7D-0BB2-49A3-BB6A-82199683E4AE}.Release|Any CPU.ActiveCfg = Release|Any CPU
		{0F8BDB7D-0BB2-49A3-BB6A-82199683E4AE}.Release|Any CPU.Build.0 = Release|Any CPU
	EndGlobalSection
	GlobalSection(SolutionProperties) = preSolution
		HideSolutionNode = FALSE
	EndGlobalSection
	GlobalSection(ExtensibilityGlobals) = postSolution
		SolutionGuid = {D4BB4793-03BC-4D91-9A17-10DCBDBD6AD1}
	EndGlobalSection
EndGlobal
